
Microsoft Visual Studio Solution File, Format Version 12.00
# Visual Studio 2013
VisualStudioVersion = 12.0.30501.0
MinimumVisualStudioVersion = 10.0.40219.1
Project("{FAE04EC0-301F-11D3-BF4B-00C04F79EFBC}") = "AssetBundleLoadManager", "AssetBundleLoadManager\AssetBundleLoadManager.csproj", "{AAA3AFC7-06A2-49D0-8422-0DB70F0C85FC}"
EndProject
Global
	GlobalSection(SolutionConfigurationPlatforms) = preSolution
		Debug|Any CPU = Debug|Any CPU
		Release|Any CPU = Release|Any CPU
	EndGlobalSection
	GlobalSection(ProjectConfigurationPlatforms) = postSolution
		{AAA3AFC7-06A2-49D0-8422-0DB70F0C85FC}.Debug|Any CPU.ActiveCfg = Debug|Any CPU
		{AAA3AFC7-06A2-49D0-8422-0DB70F0C85FC}.Debug|Any CPU.Build.0 = Debug|Any CPU
		{AAA3AFC7-06A2-49D0-8422-0DB70F0C85FC}.Release|Any CPU.ActiveCfg = Release|Any CPU
		{AAA3AFC7-06A2-49D0-8422-0DB70F0C85FC}.Release|Any CPU.Build.0 = Release|Any CPU
	EndGlobalSection
	GlobalSection(SolutionProperties) = preSolution
		HideSolutionNode = FALSE
	EndGlobalSection
EndGlobal
